
Microsoft Visual Studio Solution File, Format Version 12.00
# Visual Studio Version 16
VisualStudioVersion = 16.0.30523.141
MinimumVisualStudioVersion = 10.0.40219.1
Project("{FAE04EC0-301F-11D3-BF4B-00C04F79EFBC}") = "BGTaskDemo", "BGTaskDemo\BGTaskDemo.csproj", "{CF80E88F-BD1C-4FCE-9570-9C6CBEC6F0D9}"
EndProject
Global
	GlobalSection(SolutionConfigurationPlatforms) = preSolution
		Debug|Any CPU = Debug|Any CPU
		Release|Any CPU = Release|Any CPU
	EndGlobalSection
	GlobalSection(ProjectConfigurationPlatforms) = postSolution
		{CF80E88F-BD1C-4FCE-9570-9C6CBEC6F0D9}.Debug|Any CPU.ActiveCfg = Debug|Any CPU
		{CF80E88F-BD1C-4FCE-9570-9C6CBEC6F0D9}.Debug|Any CPU.Build.0 = Debug|Any CPU
		{CF80E88F-BD1C-4FCE-9570-9C6CBEC6F0D9}.Release|Any CPU.ActiveCfg = Release|Any CPU
		{CF80E88F-BD1C-4FCE-9570-9C6CBEC6F0D9}.Release|Any CPU.Build.0 = Release|Any CPU
	EndGlobalSection
	GlobalSection(SolutionProperties) = preSolution
		HideSolutionNode = FALSE
	EndGlobalSection
	GlobalSection(ExtensibilityGlobals) = postSolution
		SolutionGuid = {52F642F6-4A6B-470B-9067-A3970F16018C}
	EndGlobalSection
EndGlobal
